
Microsoft Visual Studio Solution File, Format Version 12.00
# Visual Studio Version 17
VisualStudioVersion = 17.9.34622.214
MinimumVisualStudioVersion = 10.0.40219.1
Project("{FAE04EC0-301F-11D3-BF4B-00C04F79EFBC}") = "matris_kum_saati", "matris_kum_saati\matris_kum_saati.csproj", "{60FD4D60-BEFF-43D4-A8B2-A1CD9D89C257}"
EndProject
Global
	GlobalSection(SolutionConfigurationPlatforms) = preSolution
		Debug|Any CPU = Debug|Any CPU
		Release|Any CPU = Release|Any CPU
	EndGlobalSection
	GlobalSection(ProjectConfigurationPlatforms) = postSolution
		{60FD4D60-BEFF-43D4-A8B2-A1CD9D89C257}.Debug|Any CPU.ActiveCfg = Debug|Any CPU
		{60FD4D60-BEFF-43D4-A8B2-A1CD9D89C257}.Debug|Any CPU.Build.0 = Debug|Any CPU
		{60FD4D60-BEFF-43D4-A8B2-A1CD9D89C257}.Release|Any CPU.ActiveCfg = Release|Any CPU
		{60FD4D60-BEFF-43D4-A8B2-A1CD9D89C257}.Release|Any CPU.Build.0 = Release|Any CPU
	EndGlobalSection
	GlobalSection(SolutionProperties) = preSolution
		HideSolutionNode = FALSE
	EndGlobalSection
	GlobalSection(ExtensibilityGlobals) = postSolution
		SolutionGuid = {95B92D93-AF7B-416F-935C-FADDC2793037}
	EndGlobalSection
EndGlobal
